{
  "name": "public_html",
  "lockfileVersion": 2,
  "requires": true,
  "packages": {
    "": {
      "dependencies": {
        "flatpickr": "^4.6.13",
        "moment": "^2.30.1",
        "sweetalert2": "^11.14.3"
      }
    },
    "node_modules/flatpickr": {
      "version": "4.6.13",
      "resolved": "https://registry.npmjs.org/flatpickr/-/flatpickr-4.6.13.tgz",
      "integrity": "sha512-97PMG/aywoYpB4IvbvUJi0RQi8vearvU0oov1WW3k0WZPBMrTQVqekSX5CjSG/M4Q3i6A/0FKXC7RyAoAUUSPw==",
      "license": "MIT"
    },
    "node_modules/moment": {
      "version": "2.30.1",
      "resolved": "https://registry.npmjs.org/moment/-/moment-2.30.1.tgz",
      "integrity": "sha512-uEmtNhbDOrWPFS+hdjFCBfy9f2YoyzRpwcl+DqpC6taX21FzsTLQVbMV/W7PzNSX6x/bhC1zA3c2UQ5NzH6how==",
      "license": "MIT",
      "engines": {
        "node": "*"
      }
    },
    "node_modules/sweetalert2": {
      "version": "11.14.3",
      "resolved": "https://registry.npmjs.org/sweetalert2/-/sweetalert2-11.14.3.tgz",
      "integrity": "sha512-6NuBHWJCv2gtw4y8PUXLB41hty+V6U2mKZMAvydL1IRPcORR0yuyq3cjFD/+ByrCk3muEFggbZX/x6HwmbVfbA==",
      "funding": {
        "type": "individual",
        "url": "https://github.com/sponsors/limonte"
      }
    }
  },
  "dependencies": {
    "flatpickr": {
      "version": "4.6.13",
      "resolved": "https://registry.npmjs.org/flatpickr/-/flatpickr-4.6.13.tgz",
      "integrity": "sha512-97PMG/aywoYpB4IvbvUJi0RQi8vearvU0oov1WW3k0WZPBMrTQVqekSX5CjSG/M4Q3i6A/0FKXC7RyAoAUUSPw=="
    },
    "moment": {
      "version": "2.30.1",
      "resolved": "https://registry.npmjs.org/moment/-/moment-2.30.1.tgz",
      "integrity": "sha512-uEmtNhbDOrWPFS+hdjFCBfy9f2YoyzRpwcl+DqpC6taX21FzsTLQVbMV/W7PzNSX6x/bhC1zA3c2UQ5NzH6how=="
    },
    "sweetalert2": {
      "version": "11.14.3",
      "resolved": "https://registry.npmjs.org/sweetalert2/-/sweetalert2-11.14.3.tgz",
      "integrity": "sha512-6NuBHWJCv2gtw4y8PUXLB41hty+V6U2mKZMAvydL1IRPcORR0yuyq3cjFD/+ByrCk3muEFggbZX/x6HwmbVfbA=="
    }
  }
}
